
Microsoft Visual Studio Solution File, Format Version 12.00
# Visual Studio 14
VisualStudioVersion = 14.0.23107.0
MinimumVisualStudioVersion = 10.0.40219.1
Project("{FAE04EC0-301F-11D3-BF4B-00C04F79EFBC}") = "gestionmateriel", "gestionmateriel\gestionmateriel.csproj", "{5EE4059B-3EC4-48F3-A4A9-4B48B66BFB7D}"
EndProject
Global
	GlobalSection(SolutionConfigurationPlatforms) = preSolution
		Debug|Any CPU = Debug|Any CPU
		Release|Any CPU = Release|Any CPU
	EndGlobalSection
	GlobalSection(ProjectConfigurationPlatforms) = postSolution
		{5EE4059B-3EC4-48F3-A4A9-4B48B66BFB7D}.Debug|Any CPU.ActiveCfg = Debug|Any CPU
		{5EE4059B-3EC4-48F3-A4A9-4B48B66BFB7D}.Debug|Any CPU.Build.0 = Debug|Any CPU
		{5EE4059B-3EC4-48F3-A4A9-4B48B66BFB7D}.Release|Any CPU.ActiveCfg = Release|Any CPU
		{5EE4059B-3EC4-48F3-A4A9-4B48B66BFB7D}.Release|Any CPU.Build.0 = Release|Any CPU
	EndGlobalSection
	GlobalSection(SolutionProperties) = preSolution
		HideSolutionNode = FALSE
	EndGlobalSection
EndGlobal
